FORGE
  remote: https://forgeapi.puppetlabs.com
  specs:
    andschwa-unattended_upgrades (0.2.1)
      puppetlabs-stdlib (>= 1.0.0)
    attachmentgenie-ufw (1.4.9)
      puppetlabs-stdlib (>= 2.2.1)
    camptocamp-archive (0.8.1)
    darin-zypprepo (1.0.2)
    jfryman-nginx (0.2.7)
      puppetlabs-apt (< 3.0.0, >= 1.8.0)
      puppetlabs-concat (< 2.0.0, >= 1.1.1)
      puppetlabs-stdlib (< 5.0.0, >= 4.2.0)
    maestrodev-wget (1.7.0)
    mjhas-clamav (1.0.0)
    mthibaut-users (1.0.11)
      puppetlabs-stdlib (>= 0)
    nanliu-staging (1.0.3)
    puppetlabs-apt (2.1.1)
      puppetlabs-stdlib (< 5.0.0, >= 4.5.0)
    puppetlabs-concat (1.2.4)
      puppetlabs-stdlib (< 5.0.0, >= 3.2.0)
    puppetlabs-gcc (0.3.0)
      puppetlabs-stdlib (< 5.0.0, >= 2.0.0)
    puppetlabs-git (0.4.0)
      puppetlabs-stdlib (>= 3.2.0)
    puppetlabs-ntp (4.1.0)
      puppetlabs-stdlib (< 5.0.0, >= 4.6.0)
    puppetlabs-ruby (0.4.0)
      puppetlabs-stdlib (< 5.0.0, >= 3.2.0)
    puppetlabs-stdlib (4.9.0)
    puppetlabs-vcsrepo (1.3.1)
    rtyler-jenkins (1.5.0)
      camptocamp-archive (>= 0.8.0)
      darin-zypprepo (< 2.0.0, >= 1.0.1)
      nanliu-staging (< 2.0.0, >= 1.0.0)
      puppetlabs-apt (< 3.0.0, >= 0.0.3)
      puppetlabs-java (< 2.0.0, >= 1.0.1)
      puppetlabs-stdlib (< 5.0.0, >= 4.6.0)
    saz-limits (2.3.0)
    saz-locales (2.2.2)
    saz-motd (2.3.1)
      puppetlabs-stdlib (< 5.0.0, >= 2.4.0)
    saz-ssh (2.8.1)
      puppetlabs-concat (>= 1.0.0)
      puppetlabs-stdlib (>= 2.2.1)
    saz-sudo (3.1.0)
      puppetlabs-stdlib (< 5.0.0, >= 2.3.0)
    saz-timezone (3.3.0)
      puppetlabs-stdlib (>= 2.3.0)

GIT
  remote: https://github.com/puppetlabs/puppetlabs-java.git
  ref: master
  sha: abd490dc6ab525efbab048188497d45dd7b7600e
  specs:
    puppetlabs-java (1.4.1)
      puppetlabs-stdlib (< 5.0.0, >= 2.4.0)

DEPENDENCIES
  andschwa-unattended_upgrades (>= 0)
  attachmentgenie-ufw (>= 0)
  jfryman-nginx (>= 0)
  maestrodev-wget (>= 0)
  mjhas-clamav (>= 0)
  mthibaut-users (>= 0)
  puppetlabs-apt (>= 0)
  puppetlabs-gcc (>= 0)
  puppetlabs-git (>= 0)
  puppetlabs-java (>= 0)
  puppetlabs-ntp (>= 0)
  puppetlabs-ruby (>= 0)
  puppetlabs-vcsrepo (>= 0)
  rtyler-jenkins (>= 0)
  saz-limits (>= 0)
  saz-locales (>= 0)
  saz-motd (>= 0)
  saz-ssh (>= 0)
  saz-sudo (>= 0)
  saz-timezone (>= 0)

